{
  "name": "simple",
  "version": "1.0.0",
  "lockfileVersion": 3,
  "requires": true,
  "packages": {
    "": {
      "name": "simple",
      "version": "1.0.0",
      "license": "ISC",
      "dependencies": {
        "example-library": "file:../example-library",
        "typescript": "^5.1.6"
      }
    },
    "../api-extractor-demo": {
      "version": "1.0.0",
      "extraneous": true,
      "license": "ISC",
      "dependencies": {
        "@microsoft/api-extractor": "^7.36.3",
        "esbuild": "^0.18.17",
        "typescript": "^5.1.6"
      }
    },
    "../example-library": {
      "version": "1.0.0",
      "license": "ISC",
      "dependencies": {
        "@microsoft/api-extractor": "^7.36.3",
        "esbuild": "^0.18.17",
        "typescript": "^5.1.6"
      }
    },
    "../example-project": {
      "version": "1.0.0",
      "extraneous": true,
      "license": "ISC",
      "dependencies": {
        "@microsoft/api-extractor": "^7.36.3",
        "esbuild": "^0.18.17",
        "typescript": "^5.1.6"
      }
    },
    "../normal-typescript": {
      "version": "1.0.0",
      "extraneous": true,
      "license": "ISC",
      "dependencies": {
        "@microsoft/api-extractor": "^7.36.3",
        "esbuild": "^0.18.17",
        "typescript": "^5.1.6"
      }
    },
    "node_modules/example-library": {
      "resolved": "../example-library",
      "link": true
    },
    "node_modules/typescript": {
      "version": "5.1.6",
      "resolved": "https://registry.npmjs.org/typescript/-/typescript-5.1.6.tgz",
      "integrity": "sha512-zaWCozRZ6DLEWAWFrVDz1H6FVXzUSfTy5FUMWsQlU8Ym5JP9eO4xkTIROFCQvhQf61z6O/G6ugw3SgAnvvm+HA==",
      "bin": {
        "tsc": "bin/tsc",
        "tsserver": "bin/tsserver"
      },
      "engines": {
        "node": ">=14.17"
      }
    }
  }
}
